Microsoft Visual Studio Solution File, Format Version 12.00
# Visual Studio Version 16
VisualStudioVersion = 16.0.31005.135
MinimumVisualStudioVersion = 10.0.40219.1
Project("{6CE2D480-4C89-42CB-A5BB-7B2BCA57D0CE}") = "FilmRent", "FilmRent\FilmRent.sdproj", "{C49D70DB-6D19-48DA-B240-DA8F07E0D7B2}"
EndProject
Project("{2150E333-8FDC-42A3-9474-1A3956D46DE8}") = "SourceCode", "SourceCode", "{7225F0EF-36F4-41BD-96A7-C7153768DD06}"
EndProject
Project("{2150E333-8FDC-42A3-9474-1A3956D46DE8}") = "Server", "Server", "{2BF47F76-18FE-4588-A84F-BFA9552E7B02}"
EndProject
Project("{2150E333-8FDC-42A3-9474-1A3956D46DE8}") = "Web", "Web", "{1BFD8AA4-E32A-4132-8561-B8299EFD1728}"
EndProject
Project("{9A19103F-16F7-4668-BE54-9A1E7A4F7556}") = "FilmRent.Common", "SourceCode\CSharp\FilmRent.Common\FilmRent.Common.csproj", "{F0D21978-6FDA-4E42-BD75-0859CDDFA6D4}"
EndProject
Project("{9A19103F-16F7-4668-BE54-9A1E7A4F7556}") = "FilmRent.Contracts", "SourceCode\CSharp\FilmRent.Contracts\FilmRent.Contracts.csproj", "{3C22FB7E-BEE3-4A67-B489-6B4B08FD9CB4}"
EndProject
Project("{9A19103F-16F7-4668-BE54-9A1E7A4F7556}") = "FilmRent.Repository", "SourceCode\CSharp\FilmRent.Repository\FilmRent.Repository.csproj", "{8D5B01CA-67CE-4CFD-8785-AA4395E740E5}"
EndProject
Project("{9A19103F-16F7-4668-BE54-9A1E7A4F7556}") = "FilmRent.Services", "SourceCode\CSharp\FilmRent.Services\FilmRent.Services.csproj", "{3F37AFAE-7480-4044-AC4E-AE013ECA719C}"
EndProject
Project("{9A19103F-16F7-4668-BE54-9A1E7A4F7556}") = "FilmRent.WebApi", "SourceCode\CSharp\FilmRent.WebApi\FilmRent.WebApi.csproj", "{62E172F8-2DFE-4317-A2DE-089FCB72A88A}"
EndProject
Project("{54A90642-561A-4BB1-A94E-469ADEE60C69}") = "FilmRent", "SourceCode\Web\Vue3Desktop\FilmRent\FilmRent.esproj", "{75C54AA7-6938-4179-A336-735B56E10E66}"
EndProject
Project("{9A19103F-16F7-4668-BE54-9A1E7A4F7556}") = "FilmRent.Controllers", "SourceCode\CSharp\FilmRent.Controllers\FilmRent.Controllers.csproj", "{844CCC14-C5BE-4935-8B1A-138719333F15}"
EndProject
Global
	GlobalSection(SolutionProperties) = preSolution
		HideSolutionNode = FALSE
	EndGlobalSection

	GlobalSection(ExtensibilityGlobals) = postSolution
		SolutionGuid = {3D6712F1-E7E7-4E4D-92DE-ADE53246A2B0}
	EndGlobalSection

	GlobalSection(SolutionConfigurationPlatforms) = preSolution
		Debug|Any CPU = Debug|Any CPU
		Release|Any CPU = Release|Any CPU
	EndGlobalSection

	GlobalSection(ProjectConfigurationPlatforms) = postSolution
		{4281F4DB-33AF-42ED-A6B2-1E019FB331F3}.Release|Any CPU.Build.0 = Release|Any CPU
		{4281F4DB-33AF-42ED-A6B2-1E019FB331F3}.Release|Any CPU.ActiveCfg = Release|Any CPU
		{4281F4DB-33AF-42ED-A6B2-1E019FB331F3}.Debug|Any CPU.Build.0 = Debug|Any CPU
		{4281F4DB-33AF-42ED-A6B2-1E019FB331F3}.Debug|Any CPU.ActiveCfg = Debug|Any CPU
		{F0D21978-6FDA-4E42-BD75-0859CDDFA6D4}.Release|Any CPU.Build.0 = Release|Any CPU
		{F0D21978-6FDA-4E42-BD75-0859CDDFA6D4}.Release|Any CPU.ActiveCfg = Release|Any CPU
		{F0D21978-6FDA-4E42-BD75-0859CDDFA6D4}.Debug|Any CPU.Build.0 = Debug|Any CPU
		{F0D21978-6FDA-4E42-BD75-0859CDDFA6D4}.Debug|Any CPU.ActiveCfg = Debug|Any CPU
		{3C22FB7E-BEE3-4A67-B489-6B4B08FD9CB4}.Release|Any CPU.Build.0 = Release|Any CPU
		{3C22FB7E-BEE3-4A67-B489-6B4B08FD9CB4}.Release|Any CPU.ActiveCfg = Release|Any CPU
		{3C22FB7E-BEE3-4A67-B489-6B4B08FD9CB4}.Debug|Any CPU.Build.0 = Debug|Any CPU
		{3C22FB7E-BEE3-4A67-B489-6B4B08FD9CB4}.Debug|Any CPU.ActiveCfg = Debug|Any CPU
		{8D5B01CA-67CE-4CFD-8785-AA4395E740E5}.Release|Any CPU.Build.0 = Release|Any CPU
		{8D5B01CA-67CE-4CFD-8785-AA4395E740E5}.Release|Any CPU.ActiveCfg = Release|Any CPU
		{8D5B01CA-67CE-4CFD-8785-AA4395E740E5}.Debug|Any CPU.Build.0 = Debug|Any CPU
		{8D5B01CA-67CE-4CFD-8785-AA4395E740E5}.Debug|Any CPU.ActiveCfg = Debug|Any CPU
		{3F37AFAE-7480-4044-AC4E-AE013ECA719C}.Release|Any CPU.Build.0 = Release|Any CPU
		{3F37AFAE-7480-4044-AC4E-AE013ECA719C}.Release|Any CPU.ActiveCfg = Release|Any CPU
		{3F37AFAE-7480-4044-AC4E-AE013ECA719C}.Debug|Any CPU.Build.0 = Debug|Any CPU
		{3F37AFAE-7480-4044-AC4E-AE013ECA719C}.Debug|Any CPU.ActiveCfg = Debug|Any CPU
		{62E172F8-2DFE-4317-A2DE-089FCB72A88A}.Release|Any CPU.Build.0 = Release|Any CPU
		{62E172F8-2DFE-4317-A2DE-089FCB72A88A}.Release|Any CPU.ActiveCfg = Release|Any CPU
		{62E172F8-2DFE-4317-A2DE-089FCB72A88A}.Debug|Any CPU.Build.0 = Debug|Any CPU
		{62E172F8-2DFE-4317-A2DE-089FCB72A88A}.Debug|Any CPU.ActiveCfg = Debug|Any CPU
		{75C54AA7-6938-4179-A336-735B56E10E66}.Release|Any CPU.Build.0 = Release|Any CPU
		{75C54AA7-6938-4179-A336-735B56E10E66}.Release|Any CPU.ActiveCfg = Release|Any CPU
		{75C54AA7-6938-4179-A336-735B56E10E66}.Debug|Any CPU.Build.0 = Debug|Any CPU
		{75C54AA7-6938-4179-A336-735B56E10E66}.Debug|Any CPU.ActiveCfg = Debug|Any CPU
		{844CCC14-C5BE-4935-8B1A-138719333F15}.Release|Any CPU.Build.0 = Release|Any CPU
		{844CCC14-C5BE-4935-8B1A-138719333F15}.Release|Any CPU.ActiveCfg = Release|Any CPU
		{844CCC14-C5BE-4935-8B1A-138719333F15}.Debug|Any CPU.Build.0 = Debug|Any CPU
		{844CCC14-C5BE-4935-8B1A-138719333F15}.Debug|Any CPU.ActiveCfg = Debug|Any CPU
	EndGlobalSection

	GlobalSection(NestedProjects) = preSolution
		{4281F4DB-33AF-42ED-A6B2-1E019FB331F3} = {D43B7B01-DA53-48C5-8A61-57C5C50D9BA3}
		{2BF47F76-18FE-4588-A84F-BFA9552E7B02} = {7225F0EF-36F4-41BD-96A7-C7153768DD06}
		{F0D21978-6FDA-4E42-BD75-0859CDDFA6D4} = {2BF47F76-18FE-4588-A84F-BFA9552E7B02}
		{3C22FB7E-BEE3-4A67-B489-6B4B08FD9CB4} = {2BF47F76-18FE-4588-A84F-BFA9552E7B02}
		{8D5B01CA-67CE-4CFD-8785-AA4395E740E5} = {2BF47F76-18FE-4588-A84F-BFA9552E7B02}
		{3F37AFAE-7480-4044-AC4E-AE013ECA719C} = {2BF47F76-18FE-4588-A84F-BFA9552E7B02}
		{62E172F8-2DFE-4317-A2DE-089FCB72A88A} = {2BF47F76-18FE-4588-A84F-BFA9552E7B02}
		{1BFD8AA4-E32A-4132-8561-B8299EFD1728} = {7225F0EF-36F4-41BD-96A7-C7153768DD06}
		{75C54AA7-6938-4179-A336-735B56E10E66} = {1BFD8AA4-E32A-4132-8561-B8299EFD1728}
		{844CCC14-C5BE-4935-8B1A-138719333F15} = {2BF47F76-18FE-4588-A84F-BFA9552E7B02}
	EndGlobalSection

EndGlobal
